// !$*UTF8*$!
{
	archiveVersion = 1;
	classes = {
	};
	objectVersion = 55;
	objects = {

/* Begin PBXBuildFile section */
		8687967F2834172100BC2264 /* WeatherTableViewCell.swift in Sources */ = {isa = PBXBuildFile; fileRef = 8687967E2834172100BC2264 /* WeatherTableViewCell.swift */; };
		869F74112833D8B80036EBDD /* AppDelegate.swift in Sources */ = {isa = PBXBuildFile; fileRef = 869F74102833D8B80036EBDD /* AppDelegate.swift */; };
		869F74132833D8B80036EBDD /* SceneDelegate.swift in Sources */ = {isa = PBXBuildFile; fileRef = 869F74122833D8B80036EBDD /* SceneDelegate.swift */; };
		869F74152833D8B80036EBDD /* WeatherViewController.swift in Sources */ = {isa = PBXBuildFile; fileRef = 869F74142833D8B80036EBDD /* WeatherViewController.swift */; };
		869F741A2833D8BA0036EBDD /* Assets.xcassets in Resources */ = {isa = PBXBuildFile; fileRef = 869F74192833D8BA0036EBDD /* Assets.xcassets */; };
		869F741D2833D8BA0036EBDD /* LaunchScreen.storyboard in Resources */ = {isa = PBXBuildFile; fileRef = 869F741B2833D8BA0036EBDD /* LaunchScreen.storyboard */; };
		869F74272833DB100036EBDD /* Model.swift in Sources */ = {isa = PBXBuildFile; fileRef = 869F74262833DB100036EBDD /* Model.swift */; };
		869F74292833DB7C0036EBDD /* ApiCaller.swift in Sources */ = {isa = PBXBuildFile; fileRef = 869F74282833DB7C0036EBDD /* ApiCaller.swift */; };
		869F742B2833E4040036EBDD /* WeatherViewModel.swift in Sources */ = {isa = PBXBuildFile; fileRef = 869F742A2833E4040036EBDD /* WeatherViewModel.swift */; };
		86CEE04B283638BC00C741CA /* HeaderViewModel.swift in Sources */ = {isa = PBXBuildFile; fileRef = 86CEE04A283638BC00C741CA /* HeaderViewModel.swift */; };
		86DF3D8C2835338300AABD6E /* HeaderView.swift in Sources */ = {isa = PBXBuildFile; fileRef = 86DF3D8B2835338300AABD6E /* HeaderView.swift */; };
/* End PBXBuildFile section */

/* Begin PBXFileReference section */
		8687967E2834172100BC2264 /* WeatherTableViewCell.swift */ = {isa = PBXFileReference; lastKnownFileType = sourcecode.swift; path = WeatherTableViewCell.swift; sourceTree = "<group>"; };
		869F740D2833D8B80036EBDD /* Weather App.app */ = {isa = PBXFileReference; explicitFileType = wrapper.application; includeInIndex = 0; path = "Weather App.app"; sourceTree = BUILT_PRODUCTS_DIR; };
		869F74102833D8B80036EBDD /* AppDelegate.swift */ = {isa = PBXFileReference; lastKnownFileType = sourcecode.swift; path = AppDelegate.swift; sourceTree = "<group>"; };
		869F74122833D8B80036EBDD /* SceneDelegate.swift */ = {isa = PBXFileReference; lastKnownFileType = sourcecode.swift; path = SceneDelegate.swift; sourceTree = "<group>"; };
		869F74142833D8B80036EBDD /* WeatherViewController.swift */ = {isa = PBXFileReference; lastKnownFileType = sourcecode.swift; path = WeatherViewController.swift; sourceTree = "<group>"; };
		869F74192833D8BA0036EBDD /* Assets.xcassets */ = {isa = PBXFileReference; lastKnownFileType = folder.assetcatalog; path = Assets.xcassets; sourceTree = "<group>"; };
		869F741C2833D8BA0036EBDD /* Base */ = {isa = PBXFileReference; lastKnownFileType = file.storyboard; name = Base; path = Base.lproj/LaunchScreen.storyboard; sourceTree = "<group>"; };
		869F741E2833D8BA0036EBDD /* Info.plist */ = {isa = PBXFileReference; lastKnownFileType = text.plist.xml; path = Info.plist; sourceTree = "<group>"; };
		869F74262833DB100036EBDD /* Model.swift */ = {isa = PBXFileReference; lastKnownFileType = sourcecode.swift; path = Model.swift; sourceTree = "<group>"; };
		869F74282833DB7C0036EBDD /* ApiCaller.swift */ = {isa = PBXFileReference; lastKnownFileType = sourcecode.swift; path = ApiCaller.swift; sourceTree = "<group>"; };
		869F742A2833E4040036EBDD /* WeatherViewModel.swift */ = {isa = PBXFileReference; lastKnownFileType = sourcecode.swift; path = WeatherViewModel.swift; sourceTree = "<group>"; };
		86CEE04A283638BC00C741CA /* HeaderViewModel.swift */ = {isa = PBXFileReference; lastKnownFileType = sourcecode.swift; path = HeaderViewModel.swift; sourceTree = "<group>"; };
		86DF3D8B2835338300AABD6E /* HeaderView.swift */ = {isa = PBXFileReference; lastKnownFileType = sourcecode.swift; path = HeaderView.swift; sourceTree = "<group>"; };
/* End PBXFileReference section */

/* Begin PBXFrameworksBuildPhase section */
		869F740A2833D8B80036EBDD /* Frameworks */ = {
			isa = PBXFrameworksBuildPhase;
			buildActionMask = 2147483647;
			files = (
			);
			runOnlyForDeploymentPostprocessing = 0;
		};
/* End PBXFrameworksBuildPhase section */

/* Begin PBXGroup section */
		869F74042833D8B80036EBDD = {
			isa = PBXGroup;
			children = (
				869F740F2833D8B80036EBDD /* Weather App */,
				869F740E2833D8B80036EBDD /* Products */,
			);
			sourceTree = "<group>";
		};
		869F740E2833D8B80036EBDD /* Products */ = {
			isa = PBXGroup;
			children = (
				869F740D2833D8B80036EBDD /* Weather App.app */,
			);
			name = Products;
			sourceTree = "<group>";
		};
		869F740F2833D8B80036EBDD /* Weather App */ = {
			isa = PBXGroup;
			children = (
				86CEE0462836342300C741CA /* Model */,
				86CEE0492836347500C741CA /* View */,
				86CEE0482836345C00C741CA /* ViewModel */,
				869F742C2833E4080036EBDD /* Controller */,
				869F742D2833E4120036EBDD /* Manager */,
				869F742E2833E41F0036EBDD /* Delegates */,
				86CEE0472836343D00C741CA /* Extra */,
				869F741E2833D8BA0036EBDD /* Info.plist */,
			);
			path = "Weather App";
			sourceTree = "<group>";
		};
		869F742C2833E4080036EBDD /* Controller */ = {
			isa = PBXGroup;
			children = (
				869F74142833D8B80036EBDD /* WeatherViewController.swift */,
			);
			path = Controller;
			sourceTree = "<group>";
		};
		869F742D2833E4120036EBDD /* Manager */ = {
			isa = PBXGroup;
			children = (
				869F74282833DB7C0036EBDD /* ApiCaller.swift */,
			);
			path = Manager;
			sourceTree = "<group>";
		};
		869F742E2833E41F0036EBDD /* Delegates */ = {
			isa = PBXGroup;
			children = (
				869F74102833D8B80036EBDD /* AppDelegate.swift */,
				869F74122833D8B80036EBDD /* SceneDelegate.swift */,
			);
			path = Delegates;
			sourceTree = "<group>";
		};
		86CEE0462836342300C741CA /* Model */ = {
			isa = PBXGroup;
			children = (
				869F74262833DB100036EBDD /* Model.swift */,
			);
			path = Model;
			sourceTree = "<group>";
		};
		86CEE0472836343D00C741CA /* Extra */ = {
			isa = PBXGroup;
			children = (
				869F74192833D8BA0036EBDD /* Assets.xcassets */,
				869F741B2833D8BA0036EBDD /* LaunchScreen.storyboard */,
			);
			path = Extra;
			sourceTree = "<group>";
		};
		86CEE0482836345C00C741CA /* ViewModel */ = {
			isa = PBXGroup;
			children = (
				869F742A2833E4040036EBDD /* WeatherViewModel.swift */,
				86CEE04A283638BC00C741CA /* HeaderViewModel.swift */,
			);
			path = ViewModel;
			sourceTree = "<group>";
		};
		86CEE0492836347500C741CA /* View */ = {
			isa = PBXGroup;
			children = (
				86DF3D8B2835338300AABD6E /* HeaderView.swift */,
				8687967E2834172100BC2264 /* WeatherTableViewCell.swift */,
			);
			path = View;
			sourceTree = "<group>";
		};
/* End PBXGroup section */

/* Begin PBXNativeTarget section */
		869F740C2833D8B80036EBDD /* Weather App */ = {
			isa = PBXNativeTarget;
			buildConfigurationList = 869F74212833D8BA0036EBDD /* Build configuration list for PBXNativeTarget "Weather App" */;
			buildPhases = (
				869F74092833D8B80036EBDD /* Sources */,
				869F740A2833D8B80036EBDD /* Frameworks */,
				869F740B2833D8B80036EBDD /* Resources */,
			);
			buildRules = (
			);
			dependencies = (
			);
			name = "Weather App";
			productName = "Weather App";
			productReference = 869F740D2833D8B80036EBDD /* Weather App.app */;
			productType = "com.apple.product-type.application";
		};
/* End PBXNativeTarget section */

/* Begin PBXProject section */
		869F74052833D8B80036EBDD /* Project object */ = {
			isa = PBXProject;
			attributes = {
				BuildIndependentTargetsInParallel = 1;
				LastSwiftUpdateCheck = 1330;
				LastUpgradeCheck = 1330;
				TargetAttributes = {
					869F740C2833D8B80036EBDD = {
						CreatedOnToolsVersion = 13.3;
					};
				};
			};
			buildConfigurationList = 869F74082833D8B80036EBDD /* Build configuration list for PBXProject "Weather App" */;
			compatibilityVersion = "Xcode 13.0";
			developmentRegion = en;
			hasScannedForEncodings = 0;
			knownRegions = (
				en,
				Base,
			);
			mainGroup = 869F74042833D8B80036EBDD;
			productRefGroup = 869F740E2833D8B80036EBDD /* Products */;
			projectDirPath = "";
			projectRoot = "";
			targets = (
				869F740C2833D8B80036EBDD /* Weather App */,
			);
		};
/* End PBXProject section */

/* Begin PBXResourcesBuildPhase section */
		869F740B2833D8B80036EBDD /* Resources */ = {
			isa = PBXResourcesBuildPhase;
			buildActionMask = 2147483647;
			files = (
				869F741D2833D8BA0036EBDD /* LaunchScreen.storyboard in Resources */,
				869F741A2833D8BA0036EBDD /* Assets.xcassets in Resources */,
			);
			runOnlyForDeploymentPostprocessing = 0;
		};
/* End PBXResourcesBuildPhase section */

/* Begin PBXSourcesBuildPhase section */
		869F74092833D8B80036EBDD /* Sources */ = {
			isa = PBXSourcesBuildPhase;
			buildActionMask = 2147483647;
			files = (
				869F74152833D8B80036EBDD /* WeatherViewController.swift in Sources */,
				86DF3D8C2835338300AABD6E /* HeaderView.swift in Sources */,
				869F742B2833E4040036EBDD /* WeatherViewModel.swift in Sources */,
				8687967F2834172100BC2264 /* WeatherTableViewCell.swift in Sources */,
				869F74112833D8B80036EBDD /* AppDelegate.swift in Sources */,
				86CEE04B283638BC00C741CA /* HeaderViewModel.swift in Sources */,
				869F74132833D8B80036EBDD /* SceneDelegate.swift in Sources */,
				869F74292833DB7C0036EBDD /* ApiCaller.swift in Sources */,
				869F74272833DB100036EBDD /* Model.swift in Sources */,
			);
			runOnlyForDeploymentPostprocessing = 0;
		};
/* End PBXSourcesBuildPhase section */

/* Begin PBXVariantGroup section */
		869F741B2833D8BA0036EBDD /* LaunchScreen.storyboard */ = {
			isa = PBXVariantGroup;
			children = (
				869F741C2833D8BA0036EBDD /* Base */,
			);
			name = LaunchScreen.storyboard;
			sourceTree = "<group>";
		};
/* End PBXVariantGroup section */

/* Begin XCBuildConfiguration section */
		869F741F2833D8BA0036EBDD /* Debug */ = {
			isa = XCBuildConfiguration;
			buildSettings = {
				ALWAYS_SEARCH_USER_PATHS = NO;
				CLANG_ANALYZER_NONNULL = YES;
				CLANG_ANALYZER_NUMBER_OBJECT_CONVERSION = YES_AGGRESSIVE;
				CLANG_CXX_LANGUAGE_STANDARD = "gnu++17";
				CLANG_ENABLE_MODULES = YES;
				CLANG_ENABLE_OBJC_ARC = YES;
				CLANG_ENABLE_OBJC_WEAK = YES;
				CLANG_WARN_BLOCK_CAPTURE_AUTORELEASING = YES;
				CLANG_WARN_BOOL_CONVERSION = YES;
				CLANG_WARN_COMMA = YES;
				CLANG_WARN_CONSTANT_CONVERSION = YES;
				CLANG_WARN_DEPRECATED_OBJC_IMPLEMENTATIONS = YES;
				CLANG_WARN_DIRECT_OBJC_ISA_USAGE = YES_ERROR;
				CLANG_WARN_DOCUMENTATION_COMMENTS = YES;
				CLANG_WARN_EMPTY_BODY = YES;
				CLANG_WARN_ENUM_CONVERSION = YES;
				CLANG_WARN_INFINITE_RECURSION = YES;
				CLANG_WARN_INT_CONVERSION = YES;
				CLANG_WARN_NON_LITERAL_NULL_CONVERSION = YES;
				CLANG_WARN_OBJC_IMPLICIT_RETAIN_SELF = YES;
				CLANG_WARN_OBJC_LITERAL_CONVERSION = YES;
				CLANG_WARN_OBJC_ROOT_CLASS = YES_ERROR;
				CLANG_WARN_QUOTED_INCLUDE_IN_FRAMEWORK_HEADER = YES;
				CLANG_WARN_RANGE_LOOP_ANALYSIS = YES;
				CLANG_WARN_STRICT_PROTOTYPES = YES;
				CLANG_WARN_SUSPICIOUS_MOVE = YES;
				CLANG_WARN_UNGUARDED_AVAILABILITY = YES_AGGRESSIVE;
				CLANG_WARN_UNREACHABLE_CODE = YES;
				CLANG_WARN__DUPLICATE_METHOD_MATCH = YES;
				COPY_PHASE_STRIP = NO;
				DEBUG_INFORMATION_FORMAT = dwarf;
				ENABLE_STRICT_OBJC_MSGSEND = YES;
				ENABLE_TESTABILITY = YES;
				GCC_C_LANGUAGE_STANDARD = gnu11;
				GCC_DYNAMIC_NO_PIC = NO;
				GCC_NO_COMMON_BLOCKS = YES;
				GCC_OPTIMIZATION_LEVEL = 0;
				GCC_PREPROCESSOR_DEFINITIONS = (
					"DEBUG=1",
					"$(inherited)",
				);
				GCC_WARN_64_TO_32_BIT_CONVERSION = YES;
				GCC_WARN_ABOUT_RETURN_TYPE = YES_ERROR;
				GCC_WARN_UNDECLARED_SELECTOR = YES;
				GCC_WARN_UNINITIALIZED_AUTOS = YES_AGGRESSIVE;
				GCC_WARN_UNUSED_FUNCTION = YES;
				GCC_WARN_UNUSED_VARIABLE = YES;
				IPHONEOS_DEPLOYMENT_TARGET = 15.4;
				MTL_ENABLE_DEBUG_INFO = INCLUDE_SOURCE;
				MTL_FAST_MATH = YES;
				ONLY_ACTIVE_ARCH = YES;
				SDKROOT = iphoneos;
				SWIFT_ACTIVE_COMPILATION_CONDITIONS = DEBUG;
				SWIFT_OPTIMIZATION_LEVEL = "-Onone";
			};
			name = Debug;
		};
		869F74202833D8BA0036EBDD /* Release */ = {
			isa = XCBuildConfiguration;
			buildSettings = {
				ALWAYS_SEARCH_USER_PATHS = NO;
				CLANG_ANALYZER_NONNULL = YES;
				CLANG_ANALYZER_NUMBER_OBJECT_CONVERSION = YES_AGGRESSIVE;
				CLANG_CXX_LANGUAGE_STANDARD = "gnu++17";
				CLANG_ENABLE_MODULES = YES;
				CLANG_ENABLE_OBJC_ARC = YES;
				CLANG_ENABLE_OBJC_WEAK = YES;
				CLANG_WARN_BLOCK_CAPTURE_AUTORELEASING = YES;
				CLANG_WARN_BOOL_CONVERSION = YES;
				CLANG_WARN_COMMA = YES;
				CLANG_WARN_CONSTANT_CONVERSION = YES;
				CLANG_WARN_DEPRECATED_OBJC_IMPLEMENTATIONS = YES;
				CLANG_WARN_DIRECT_OBJC_ISA_USAGE = YES_ERROR;
				CLANG_WARN_DOCUMENTATION_COMMENTS = YES;
				CLANG_WARN_EMPTY_BODY = YES;
				CLANG_WARN_ENUM_CONVERSION = YES;
				CLANG_WARN_INFINITE_RECURSION = YES;
				CLANG_WARN_INT_CONVERSION = YES;
				CLANG_WARN_NON_LITERAL_NULL_CONVERSION = YES;
				CLANG_WARN_OBJC_IMPLICIT_RETAIN_SELF = YES;
				CLANG_WARN_OBJC_LITERAL_CONVERSION = YES;
				CLANG_WARN_OBJC_ROOT_CLASS = YES_ERROR;
				CLANG_WARN_QUOTED_INCLUDE_IN_FRAMEWORK_HEADER = YES;
				CLANG_WARN_RANGE_LOOP_ANALYSIS = YES;
				CLANG_WARN_STRICT_PROTOTYPES = YES;
				CLANG_WARN_SUSPICIOUS_MOVE = YES;
				CLANG_WARN_UNGUARDED_AVAILABILITY = YES_AGGRESSIVE;
				CLANG_WARN_UNREACHABLE_CODE = YES;
				CLANG_WARN__DUPLICATE_METHOD_MATCH = YES;
				COPY_PHASE_STRIP = NO;
				DEBUG_INFORMATION_FORMAT = "dwarf-with-dsym";
				ENABLE_NS_ASSERTIONS = NO;
				ENABLE_STRICT_OBJC_MSGSEND = YES;
				GCC_C_LANGUAGE_STANDARD = gnu11;
				GCC_NO_COMMON_BLOCKS = YES;
				GCC_WARN_64_TO_32_BIT_CONVERSION = YES;
				GCC_WARN_ABOUT_RETURN_TYPE = YES_ERROR;
				GCC_WARN_UNDECLARED_SELECTOR = YES;
				GCC_WARN_UNINITIALIZED_AUTOS = YES_AGGRESSIVE;
				GCC_WARN_UNUSED_FUNCTION = YES;
				GCC_WARN_UNUSED_VARIABLE = YES;
				IPHONEOS_DEPLOYMENT_TARGET = 15.4;
				MTL_ENABLE_DEBUG_INFO = NO;
				MTL_FAST_MATH = YES;
				SDKROOT = iphoneos;
				SWIFT_COMPILATION_MODE = wholemodule;
				SWIFT_OPTIMIZATION_LEVEL = "-O";
				VALIDATE_PRODUCT = YES;
			};
			name = Release;
		};
		869F74222833D8BA0036EBDD /* Debug */ = {
			isa = XCBuildConfiguration;
			buildSettings = {
				ASSETCATALOG_COMPILER_APPICON_NAME = AppIcon;
				ASSETCATALOG_COMPILER_GLOBAL_ACCENT_COLOR_NAME = AccentColor;
				CODE_SIGN_STYLE = Automatic;
				CURRENT_PROJECT_VERSION = 1;
				DEVELOPMENT_TEAM = HSY5R94H24;
				GENERATE_INFOPLIST_FILE = YES;
				INFOPLIST_FILE = "Weather App/Info.plist";
				INFOPLIST_KEY_NSLocationWhenInUseUsageDescription = "Please allow to determine your location";
				INFOPLIST_KEY_UIApplicationSupportsIndirectInputEvents = YES;
				INFOPLIST_KEY_UILaunchStoryboardName = LaunchScreen;
				INFOPLIST_KEY_UISupportedInterfaceOrientations_iPad = "UIInterfaceOrientationPortrait UIInterfaceOrientationPortraitUpsideDown UIInterfaceOrientationLandscapeLeft UIInterfaceOrientationLandscapeRight";
				INFOPLIST_KEY_UISupportedInterfaceOrientations_iPhone = "UIInterfaceOrientationPortrait UIInterfaceOrientationLandscapeLeft UIInterfaceOrientationLandscapeRight";
				LD_RUNPATH_SEARCH_PATHS = (
					"$(inherited)",
					"@executable_path/Frameworks",
				);
				MARKETING_VERSION = 1.0;
				PRODUCT_BUNDLE_IDENTIFIER = "Nodirbek-s.Weather-App";
				PRODUCT_NAME = "$(TARGET_NAME)";
				SWIFT_EMIT_LOC_STRINGS = YES;
				SWIFT_VERSION = 5.0;
				TARGETED_DEVICE_FAMILY = "1,2";
			};
			name = Debug;
		};
		869F74232833D8BA0036EBDD /* Release */ = {
			isa = XCBuildConfiguration;
			buildSettings = {
				ASSETCATALOG_COMPILER_APPICON_NAME = AppIcon;
				ASSETCATALOG_COMPILER_GLOBAL_ACCENT_COLOR_NAME = AccentColor;
				CODE_SIGN_STYLE = Automatic;
				CURRENT_PROJECT_VERSION = 1;
				DEVELOPMENT_TEAM = HSY5R94H24;
				GENERATE_INFOPLIST_FILE = YES;
				INFOPLIST_FILE = "Weather App/Info.plist";
				INFOPLIST_KEY_NSLocationWhenInUseUsageDescription = "Please allow to determine your location";
				INFOPLIST_KEY_UIApplicationSupportsIndirectInputEvents = YES;
				INFOPLIST_KEY_UILaunchStoryboardName = LaunchScreen;
				INFOPLIST_KEY_UISupportedInterfaceOrientations_iPad = "UIInterfaceOrientationPortrait UIInterfaceOrientationPortraitUpsideDown UIInterfaceOrientationLandscapeLeft UIInterfaceOrientationLandscapeRight";
				INFOPLIST_KEY_UISupportedInterfaceOrientations_iPhone = "UIInterfaceOrientationPortrait UIInterfaceOrientationLandscapeLeft UIInterfaceOrientationLandscapeRight";
				LD_RUNPATH_SEARCH_PATHS = (
					"$(inherited)",
					"@executable_path/Frameworks",
				);
				MARKETING_VERSION = 1.0;
				PRODUCT_BUNDLE_IDENTIFIER = "Nodirbek-s.Weather-App";
				PRODUCT_NAME = "$(TARGET_NAME)";
				SWIFT_EMIT_LOC_STRINGS = YES;
				SWIFT_VERSION = 5.0;
				TARGETED_DEVICE_FAMILY = "1,2";
			};
			name = Release;
		};
/* End XCBuildConfiguration section */

/* Begin XCConfigurationList section */
		869F74082833D8B80036EBDD /* Build configuration list for PBXProject "Weather App" */ = {
			isa = XCConfigurationList;
			buildConfigurations = (
				869F741F2833D8BA0036EBDD /* Debug */,
				869F74202833D8BA0036EBDD /* Release */,
			);
			defaultConfigurationIsVisible = 0;
			defaultConfigurationName = Release;
		};
		869F74212833D8BA0036EBDD /* Build configuration list for PBXNativeTarget "Weather App" */ = {
			isa = XCConfigurationList;
			buildConfigurations = (
				869F74222833D8BA0036EBDD /* Debug */,
				869F74232833D8BA0036EBDD /* Release */,
			);
			defaultConfigurationIsVisible = 0;
			defaultConfigurationName = Release;
		};
/* End XCConfigurationList section */
	};
	rootObject = 869F74052833D8B80036EBDD /* Project object */;
}
